
Microsoft Visual Studio Solution File, Format Version 12.00
# Visual Studio Version 17
VisualStudioVersion = 17.13.35931.197
MinimumVisualStudioVersion = 10.0.40219.1
Project("{FAE04EC0-301F-11D3-BF4B-00C04F79EFBC}") = "IndieGameDevelopmentHub", "IndieGameDevelopmentHub.csproj", "{20CF37CF-6FCA-4EF8-A2BB-41F641CB2932}"
EndProject
Project("{FAE04EC0-301F-11D3-BF4B-00C04F79EFBC}") = "DataAccess", "DataAccess\DataAccess.csproj", "{00FCAF87-032D-49A1-BB62-01B5835FD257}"
EndProject
Global
	GlobalSection(SolutionConfigurationPlatforms) = preSolution
		Debug|Any CPU = Debug|Any CPU
		Release|Any CPU = Release|Any CPU
	EndGlobalSection
	GlobalSection(ProjectConfigurationPlatforms) = postSolution
		{20CF37CF-6FCA-4EF8-A2BB-41F641CB2932}.Debug|Any CPU.ActiveCfg = Debug|Any CPU
		{20CF37CF-6FCA-4EF8-A2BB-41F641CB2932}.Debug|Any CPU.Build.0 = Debug|Any CPU
		{20CF37CF-6FCA-4EF8-A2BB-41F641CB2932}.Release|Any CPU.ActiveCfg = Release|Any CPU
		{20CF37CF-6FCA-4EF8-A2BB-41F641CB2932}.Release|Any CPU.Build.0 = Release|Any CPU
		{00FCAF87-032D-49A1-BB62-01B5835FD257}.Debug|Any CPU.ActiveCfg = Debug|Any CPU
		{00FCAF87-032D-49A1-BB62-01B5835FD257}.Debug|Any CPU.Build.0 = Debug|Any CPU
		{00FCAF87-032D-49A1-BB62-01B5835FD257}.Release|Any CPU.ActiveCfg = Release|Any CPU
		{00FCAF87-032D-49A1-BB62-01B5835FD257}.Release|Any CPU.Build.0 = Release|Any CPU
	EndGlobalSection
	GlobalSection(SolutionProperties) = preSolution
		HideSolutionNode = FALSE
	EndGlobalSection
	GlobalSection(ExtensibilityGlobals) = postSolution
		SolutionGuid = {AF108327-EB59-4D47-A44B-20C1ABA67CAF}
	EndGlobalSection
EndGlobal
